{
  "name": "error-sentry-appender",
  "version": "1.0.0",
  "lockfileVersion": 1,
  "requires": true,
  "dependencies": {
    "@sentry/core": {
      "version": "4.4.2",
      "resolved": "https://registry.npmjs.org/@sentry/core/-/core-4.4.2.tgz",
      "integrity": "sha512-hJyAodTCf4sZfVdf41Rtuzj4EsyzYq5rdMZ+zc2Vinwdf8D0/brHe91fHeO0CKXEb2P0wJsrjwMidG/ccq/M8A==",
      "requires": {
        "@sentry/hub": "4.4.2",
        "@sentry/minimal": "4.4.2",
        "@sentry/types": "4.4.2",
        "@sentry/utils": "4.4.2",
        "tslib": "1.9.3"
      }
    },
    "@sentry/hub": {
      "version": "4.4.2",
      "resolved": "https://registry.npmjs.org/@sentry/hub/-/hub-4.4.2.tgz",
      "integrity": "sha512-oe9ytXkTWyD+QmOpVzHAqTbRV4Hc0ee2Nt6HvrDtRmlXzQxfvTWG2F8KYT6w8kzqg5klnuRpnsmgTTV3KuNBVQ==",
      "requires": {
        "@sentry/types": "4.4.2",
        "@sentry/utils": "4.4.2",
        "tslib": "1.9.3"
      }
    },
    "@sentry/minimal": {
      "version": "4.4.2",
      "resolved": "https://registry.npmjs.org/@sentry/minimal/-/minimal-4.4.2.tgz",
      "integrity": "sha512-GEZZiNvVgqFAESZhAe3vjwTInn13lI2bSI3ItQN4RUWKL/W4n/fwVoDJbkb1U8aWxanuMnRDEpKwyQv6zYTZfw==",
      "requires": {
        "@sentry/hub": "4.4.2",
        "@sentry/types": "4.4.2",
        "tslib": "1.9.3"
      }
    },
    "@sentry/node": {
      "version": "4.4.2",
      "resolved": "https://registry.npmjs.org/@sentry/node/-/node-4.4.2.tgz",
      "integrity": "sha512-8/KlSdfVhledZ6PS6muxZY5r2pqhw8MNSXP7AODR2qRrHwsbnirVgV21WIAYAjKXEfYQGbm69lyoaTJGazlQ3Q==",
      "requires": {
        "@sentry/core": "4.4.2",
        "@sentry/hub": "4.4.2",
        "@sentry/types": "4.4.2",
        "@sentry/utils": "4.4.2",
        "@types/stack-trace": "0.0.29",
        "cookie": "0.3.1",
        "https-proxy-agent": "2.2.1",
        "lsmod": "1.0.0",
        "stack-trace": "0.0.10",
        "tslib": "1.9.3"
      }
    },
    "@sentry/types": {
      "version": "4.4.2",
      "resolved": "https://registry.npmjs.org/@sentry/types/-/types-4.4.2.tgz",
      "integrity": "sha512-QyQd6PKKIyjJgaq/RQjsxPJEWbXcuiWZ9RvSnhBjS5jj53HEzkM1qkbAFqlYHJ1DTJJ1EuOM4+aTmGzHe93zuA=="
    },
    "@sentry/utils": {
      "version": "4.4.2",
      "resolved": "https://registry.npmjs.org/@sentry/utils/-/utils-4.4.2.tgz",
      "integrity": "sha512-j/Ad8G1abHlJdD2q7aWWbSOSeWB5M5v1R1VKL8YPlwEbSvvmEQWePhBKFI0qlnKd2ObdUQsj86pHEXJRSFNfCw==",
      "requires": {
        "@sentry/types": "4.4.2",
        "tslib": "1.9.3"
      }
    },
    "@types/stack-trace": {
      "version": "0.0.29",
      "resolved": "https://registry.npmjs.org/@types/stack-trace/-/stack-trace-0.0.29.tgz",
      "integrity": "sha512-TgfOX+mGY/NyNxJLIbDWrO9DjGoVSW9+aB8H2yy1fy32jsvxijhmyJI9fDFgvz3YP4lvJaq9DzdR/M1bOgVc9g=="
    },
    "agent-base": {
      "version": "4.2.1",
      "resolved": "https://registry.npmjs.org/agent-base/-/agent-base-4.2.1.tgz",
      "integrity": "sha512-JVwXMr9nHYTUXsBFKUqhJwvlcYU/blreOEUkhNR2eXZIvwd+c+o5V4MgDPKWnMS/56awN3TRzIP+KoPn+roQtg==",
      "requires": {
        "es6-promisify": "5.0.0"
      }
    },
    "circular-json": {
      "version": "0.5.9",
      "resolved": "https://registry.npmjs.org/circular-json/-/circular-json-0.5.9.tgz",
      "integrity": "sha512-4ivwqHpIFJZBuhN3g/pEcdbnGUywkBblloGbkglyloVjjR3uT6tieI89MVOfbP2tHX5sgb01FuLgAOzebNlJNQ=="
    },
    "cookie": {
      "version": "0.3.1",
      "resolved": "https://registry.npmjs.org/cookie/-/cookie-0.3.1.tgz",
      "integrity": "sha1-5+Ch+e9DtMi6klxcWpboBtFoc7s="
    },
    "core-util-is": {
      "version": "1.0.2",
      "resolved": "https://registry.npmjs.org/core-util-is/-/core-util-is-1.0.2.tgz",
      "integrity": "sha1-tf1UIgqivFq1eqtxQMlAdUUDwac="
    },
    "date-format": {
      "version": "1.2.0",
      "resolved": "https://registry.npmjs.org/date-format/-/date-format-1.2.0.tgz",
      "integrity": "sha1-YV6CjiM90aubua4JUODOzPpuytg="
    },
    "debug": {
      "version": "3.2.6",
      "resolved": "https://registry.npmjs.org/debug/-/debug-3.2.6.tgz",
      "integrity": "sha512-mel+jf7nrtEl5Pn1Qx46zARXKDpBbvzezse7p7LqINmdoIk8PYP5SySaxEmYv6TZ0JyEKA1hsCId6DIhgITtWQ==",
      "requires": {
        "ms": "2.1.1"
      }
    },
    "es6-promise": {
      "version": "4.2.5",
      "resolved": "https://registry.npmjs.org/es6-promise/-/es6-promise-4.2.5.tgz",
      "integrity": "sha512-n6wvpdE43VFtJq+lUDYDBFUwV8TZbuGXLV4D6wKafg13ldznKsyEvatubnmUe31zcvelSzOHF+XbaT+Bl9ObDg=="
    },
    "es6-promisify": {
      "version": "5.0.0",
      "resolved": "http://registry.npmjs.org/es6-promisify/-/es6-promisify-5.0.0.tgz",
      "integrity": "sha1-UQnWLz5W6pZ8S2NQWu8IKRyKUgM=",
      "requires": {
        "es6-promise": "4.2.5"
      }
    },
    "https-proxy-agent": {
      "version": "2.2.1",
      "resolved": "https://registry.npmjs.org/https-proxy-agent/-/https-proxy-agent-2.2.1.tgz",
      "integrity": "sha512-HPCTS1LW51bcyMYbxUIOO4HEOlQ1/1qRaFWcyxvwaqUS9TY88aoEuHUY33kuAh1YhVVaDQhLZsnPd+XNARWZlQ==",
      "requires": {
        "agent-base": "4.2.1",
        "debug": "3.2.6"
      }
    },
    "inherits": {
      "version": "2.0.3",
      "resolved": "https://registry.npmjs.org/inherits/-/inherits-2.0.3.tgz",
      "integrity": "sha1-Yzwsg+PaQqUC9SRmAiSA9CCCYd4="
    },
    "isarray": {
      "version": "1.0.0",
      "resolved": "https://registry.npmjs.org/isarray/-/isarray-1.0.0.tgz",
      "integrity": "sha1-u5NdSFgsuhaMBoNJV6VKPgcSTxE="
    },
    "log4js": {
      "version": "3.0.6",
      "resolved": "https://registry.npmjs.org/log4js/-/log4js-3.0.6.tgz",
      "integrity": "sha512-ezXZk6oPJCWL483zj64pNkMuY/NcRX5MPiB0zE6tjZM137aeusrOnW1ecxgF9cmwMWkBMhjteQxBPoZBh9FDxQ==",
      "requires": {
        "circular-json": "0.5.9",
        "date-format": "1.2.0",
        "debug": "3.2.6",
        "rfdc": "1.1.2",
        "streamroller": "0.7.0"
      }
    },
    "lsmod": {
      "version": "1.0.0",
      "resolved": "https://registry.npmjs.org/lsmod/-/lsmod-1.0.0.tgz",
      "integrity": "sha1-mgD3bco26yP6BTUK/htYXUKZ5ks="
    },
    "minimist": {
      "version": "0.0.8",
      "resolved": "http://registry.npmjs.org/minimist/-/minimist-0.0.8.tgz",
      "integrity": "sha1-hX/Kv8M5fSYluCKCYuhqp6ARsF0="
    },
    "mkdirp": {
      "version": "0.5.1",
      "resolved": "http://registry.npmjs.org/mkdirp/-/mkdirp-0.5.1.tgz",
      "integrity": "sha1-MAV0OOrGz3+MR2fzhkjWaX11yQM=",
      "requires": {
        "minimist": "0.0.8"
      }
    },
    "ms": {
      "version": "2.1.1",
      "resolved": "https://registry.npmjs.org/ms/-/ms-2.1.1.tgz",
      "integrity": "sha512-tgp+dl5cGk28utYktBsrFqA7HKgrhgPsg6Z/EfhWI4gl1Hwq8B/GmY/0oXZ6nF8hDVesS/FpnYaD/kOWhYQvyg=="
    },
    "process-nextick-args": {
      "version": "2.0.0",
      "resolved": "https://registry.npmjs.org/process-nextick-args/-/process-nextick-args-2.0.0.tgz",
      "integrity": "sha512-MtEC1TqN0EU5nephaJ4rAtThHtC86dNN9qCuEhtshvpVBkAW5ZO7BASN9REnF9eoXGcRub+pFuKEpOHE+HbEMw=="
    },
    "readable-stream": {
      "version": "2.3.6",
      "resolved": "http://registry.npmjs.org/readable-stream/-/readable-stream-2.3.6.tgz",
      "integrity": "sha512-tQtKA9WIAhBF3+VLAseyMqZeBjW0AHJoxOtYqSUZNJxauErmLbVm2FW1y+J/YA9dUrAC39ITejlZWhVIwawkKw==",
      "requires": {
        "core-util-is": "1.0.2",
        "inherits": "2.0.3",
        "isarray": "1.0.0",
        "process-nextick-args": "2.0.0",
        "safe-buffer": "5.1.2",
        "string_decoder": "1.1.1",
        "util-deprecate": "1.0.2"
      }
    },
    "rfdc": {
      "version": "1.1.2",
      "resolved": "https://registry.npmjs.org/rfdc/-/rfdc-1.1.2.tgz",
      "integrity": "sha512-92ktAgvZhBzYTIK0Mja9uen5q5J3NRVMoDkJL2VMwq6SXjVCgqvQeVP2XAaUY6HT+XpQYeLSjb3UoitBryKmdA=="
    },
    "safe-buffer": {
      "version": "5.1.2",
      "resolved": "https://registry.npmjs.org/safe-buffer/-/safe-buffer-5.1.2.tgz",
      "integrity": "sha512-Gd2UZBJDkXlY7GbJxfsE8/nvKkUEU1G38c1siN6QP6a9PT9MmHB8GnpscSmMJSoF8LOIrt8ud/wPtojys4G6+g=="
    },
    "stack-trace": {
      "version": "0.0.10",
      "resolved": "https://registry.npmjs.org/stack-trace/-/stack-trace-0.0.10.tgz",
      "integrity": "sha1-VHxws0fo0ytOEI6hoqFZ5f3eGcA="
    },
    "streamroller": {
      "version": "0.7.0",
      "resolved": "https://registry.npmjs.org/streamroller/-/streamroller-0.7.0.tgz",
      "integrity": "sha512-WREzfy0r0zUqp3lGO096wRuUp7ho1X6uo/7DJfTlEi0Iv/4gT7YHqXDjKC2ioVGBZtE8QzsQD9nx1nIuoZ57jQ==",
      "requires": {
        "date-format": "1.2.0",
        "debug": "3.2.6",
        "mkdirp": "0.5.1",
        "readable-stream": "2.3.6"
      }
    },
    "string_decoder": {
      "version": "1.1.1",
      "resolved": "http://registry.npmjs.org/string_decoder/-/string_decoder-1.1.1.tgz",
      "integrity": "sha512-n/ShnvDi6FHbbVfviro+WojiFzv+s8MPMHBczVePfUpDJLwoLT0ht1l4YwBCbi8pJAveEEdnkHyPyTP/mzRfwg==",
      "requires": {
        "safe-buffer": "5.1.2"
      }
    },
    "tslib": {
      "version": "1.9.3",
      "resolved": "https://registry.npmjs.org/tslib/-/tslib-1.9.3.tgz",
      "integrity": "sha512-4krF8scpejhaOgqzBEcGM7yDIEfi0/8+8zDRZhNZZ2kjmHJ4hv3zCbQWxoJGz1iw5U0Jl0nma13xzHXcncMavQ=="
    },
    "util-deprecate": {
      "version": "1.0.2",
      "resolved": "https://registry.npmjs.org/util-deprecate/-/util-deprecate-1.0.2.tgz",
      "integrity": "sha1-RQ1Nyfpw3nMnYvvS1KKJgUGaDM8="
    }
  }
}
